lockfileVersion: '6.0'

settings:
  autoInstallPeers: true
  excludeLinksFromLockfile: false

dependencies:
  pnpm:
    specifier: ^8.10.2
    version: 8.10.2

packages:

  /pnpm@8.10.2:
    resolution: {integrity: sha512-B4IJPVumx62UYggbwe8HdQFqS0EJ7KHh/tzqbxEBQ69fUJk9s2xCfU+oxivjkgoyJNsS2nGdJGyhndnxgEjDPA==}
    engines: {node: '>=16.14'}
    hasBin: true
    dev: false
